{
    "_readme": [
        "This file locks the dependencies of your project to a known state",
        "Read more about it at https://getcomposer.org/doc/01-basic-usage.md#composer-lock-the-lock-file",
        "This file is @generated automatically"
    ],
    "content-hash": "053fb763fc714f141d8e931dca2e700a",
    "packages": [],
    "packages-dev": [
        {
            "name": "phore/core",
            "version": "dev-master",
            "source": {
                "type": "git",
                "url": "https://github.com/phore/phore-core.git",
                "reference": "45041fc047945fb557f52bda44fd6dcf8817e6bd"
            },
            "dist": {
                "type": "zip",
                "url": "https://api.github.com/repos/phore/phore-core/zipball/45041fc047945fb557f52bda44fd6dcf8817e6bd",
                "reference": "45041fc047945fb557f52bda44fd6dcf8817e6bd",
                "shasum": ""
            },
            "require": {
                "php": ">=7.1"
            },
            "require-dev": {
                "ext-json": "*",
                "ext-sodium": "*",
                "ext-yaml": "*",
                "phpunit/phpunit": "*"
            },
            "suggest": {
                "ext-json": "Json encoding parsing",
                "ext-sodium": "Encryption functions",
                "ext-yaml": "Yaml encoding parsing"
            },
            "type": "library",
            "autoload": {
                "psr-4": {
                    "Phore\\Core\\": "src/"
                },
                "files": [
                    "src/functions.inc.php"
                ]
            },
            "notification-url": "https://packagist.org/downloads/",
            "license": [
                "MIT"
            ],
            "authors": [
                {
                    "name": "Matthias Leuffen",
                    "email": "m@tth.es"
                }
            ],
            "description": "Phore core library",
            "homepage": "https://infracamp.org/project/phore",
            "time": "2020-03-12T16:40:09+00:00"
        },
        {
            "name": "phore/filesystem",
            "version": "dev-master",
            "source": {
                "type": "git",
                "url": "https://github.com/phore/phore-filesystem.git",
                "reference": "c343e2ce9697ed03436d81feeeebbd8e9b9cd795"
            },
            "dist": {
                "type": "zip",
                "url": "https://api.github.com/repos/phore/phore-filesystem/zipball/c343e2ce9697ed03436d81feeeebbd8e9b9cd795",
                "reference": "c343e2ce9697ed03436d81feeeebbd8e9b9cd795",
                "shasum": ""
            },
            "require": {
                "ext-json": "*",
                "ext-yaml": "*",
                "phore/core": "dev-master",
                "php": ">7.1",
                "psr/http-message": "^1.0@dev"
            },
            "require-dev": {
                "phpunit/phpunit": "^8.0@dev"
            },
            "type": "library",
            "autoload": {
                "psr-4": {
                    "Phore\\FileSystem\\": "src/"
                },
                "files": [
                    "src/functions.php"
                ]
            },
            "notification-url": "https://packagist.org/downloads/",
            "license": [
                "MIT"
            ],
            "authors": [
                {
                    "name": "Matthias Leuffen",
                    "email": "leuffen@continue.de"
                }
            ],
            "description": "Acces files layer",
            "homepage": "http://infracamp.org/project/phore",
            "time": "2020-03-12T22:47:17+00:00"
        },
        {
            "name": "phore/system",
            "version": "dev-master",
            "source": {
                "type": "git",
                "url": "https://github.com/phore/phore-system.git",
                "reference": "bd6e1f2e05d466a4fd429e486468da6ea7b8c44c"
            },
            "dist": {
                "type": "zip",
                "url": "https://api.github.com/repos/phore/phore-system/zipball/bd6e1f2e05d466a4fd429e486468da6ea7b8c44c",
                "reference": "bd6e1f2e05d466a4fd429e486468da6ea7b8c44c",
                "shasum": ""
            },
            "require": {
                "phore/core": "*",
                "php": ">7.1"
            },
            "require-dev": {
                "phpunit/phpunit": "^8.1"
            },
            "type": "library",
            "autoload": {
                "psr-4": {
                    "Phore\\System\\": "src/"
                },
                "files": [
                    "src/functions.php"
                ]
            },
            "notification-url": "https://packagist.org/downloads/",
            "license": [
                "MIT"
            ],
            "authors": [
                {
                    "name": "Matthias Leuffen",
                    "email": "leuffen@continue.de"
                }
            ],
            "description": "Execute shell commands",
            "homepage": "https://infracamp.org/project/phore",
            "time": "2020-03-22T18:32:52+00:00"
        },
        {
            "name": "phore/tester",
            "version": "dev-master",
            "source": {
                "type": "git",
                "url": "https://github.com/phore/phore-tester.git",
                "reference": "a5a30ec792e8fa9f1bc83154868ed61d5559fd59"
            },
            "dist": {
                "type": "zip",
                "url": "https://api.github.com/repos/phore/phore-tester/zipball/a5a30ec792e8fa9f1bc83154868ed61d5559fd59",
                "reference": "a5a30ec792e8fa9f1bc83154868ed61d5559fd59",
                "shasum": ""
            },
            "require": {
                "ext-json": "*",
                "phore/core": "dev-master",
                "phore/filesystem": "dev-master",
                "php": ">=7.2"
            },
            "bin": [
                "bin/ptest"
            ],
            "type": "library",
            "autoload": {
                "psr-4": {
                    "Phore\\Tester\\": "src/"
                },
                "files": [
                    "src/PHPUnit/TestCase.php"
                ]
            },
            "notification-url": "https://packagist.org/downloads/",
            "license": [
                "MIT"
            ],
            "authors": [
                {
                    "name": "Matthias Leuffen",
                    "email": "m@tth.es"
                }
            ],
            "description": "Lightweight unit testing with phpunit api",
            "keywords": [
                "Phore",
                "tester",
                "unit test"
            ],
            "time": "2020-03-21T11:26:18+00:00"
        },
        {
            "name": "psr/http-message",
            "version": "1.0.1",
            "source": {
                "type": "git",
                "url": "https://github.com/php-fig/http-message.git",
                "reference": "f6561bf28d520154e4b0ec72be95418abe6d9363"
            },
            "dist": {
                "type": "zip",
                "url": "https://api.github.com/repos/php-fig/http-message/zipball/f6561bf28d520154e4b0ec72be95418abe6d9363",
                "reference": "f6561bf28d520154e4b0ec72be95418abe6d9363",
                "shasum": ""
            },
            "require": {
                "php": ">=5.3.0"
            },
            "type": "library",
            "extra": {
                "branch-alias": {
                    "dev-master": "1.0.x-dev"
                }
            },
            "autoload": {
                "psr-4": {
                    "Psr\\Http\\Message\\": "src/"
                }
            },
            "notification-url": "https://packagist.org/downloads/",
            "license": [
                "MIT"
            ],
            "authors": [
                {
                    "name": "PHP-FIG",
                    "homepage": "http://www.php-fig.org/"
                }
            ],
            "description": "Common interface for HTTP messages",
            "homepage": "https://github.com/php-fig/http-message",
            "keywords": [
                "http",
                "http-message",
                "psr",
                "psr-7",
                "request",
                "response"
            ],
            "time": "2016-08-06T14:39:51+00:00"
        }
    ],
    "aliases": [],
    "minimum-stability": "stable",
    "stability-flags": {
        "phore/tester": 20,
        "phore/core": 20,
        "phore/system": 20,
        "phore/filesystem": 20
    },
    "prefer-stable": false,
    "prefer-lowest": false,
    "platform": {
        "php": ">=7.1",
        "ext-pcre": "*",
        "ext-json": "*",
        "ext-posix": "*",
        "ext-pcntl": "*",
        "ext-yaml": "*"
    },
    "platform-dev": []
}
