{
    "_readme": [
        "This file locks the dependencies of your project to a known state",
        "Read more about it at https://getcomposer.org/doc/01-basic-usage.md#composer-lock-the-lock-file",
        "This file is @generated automatically"
    ],
    "content-hash": "053fb763fc714f141d8e931dca2e700a",
    "packages": [],
    "packages-dev": [
        {
            "name": "phore/core",
            "version": "dev-master",
            "source": {
                "type": "git",
                "url": "https://github.com/phore/phore-core.git",
                "reference": "4204b73ce06c3ed2e6f702424a1200764d756fc4"
            },
            "dist": {
                "type": "zip",
                "url": "https://api.github.com/repos/phore/phore-core/zipball/4204b73ce06c3ed2e6f702424a1200764d756fc4",
                "reference": "4204b73ce06c3ed2e6f702424a1200764d756fc4",
                "shasum": ""
            },
            "require": {
                "php": ">=7.1"
            },
            "require-dev": {
                "ext-json": "*",
                "ext-sodium": "*",
                "ext-yaml": "*",
                "phpunit/phpunit": "*"
            },
            "suggest": {
                "ext-json": "Json encoding parsing",
                "ext-sodium": "Encryption functions",
                "ext-yaml": "Yaml encoding parsing"
            },
            "type": "library",
            "autoload": {
                "psr-4": {
                    "Phore\\Core\\": "src/"
                },
                "files": [
                    "src/functions.inc.php"
                ]
            },
            "notification-url": "https://packagist.org/downloads/",
            "license": [
                "MIT"
            ],
            "authors": [
                {
                    "name": "Matthias Leuffen",
                    "email": "m@tth.es"
                }
            ],
            "description": "Phore core library",
            "homepage": "https://infracamp.org/project/phore",
            "time": "2020-05-15T10:10:44+00:00"
        },
        {
            "name": "phore/filesystem",
            "version": "dev-master",
            "source": {
                "type": "git",
                "url": "https://github.com/phore/phore-filesystem.git",
                "reference": "c44071b4cff1d86a050bef493aa0b677103e786c"
            },
            "dist": {
                "type": "zip",
                "url": "https://api.github.com/repos/phore/phore-filesystem/zipball/c44071b4cff1d86a050bef493aa0b677103e786c",
                "reference": "c44071b4cff1d86a050bef493aa0b677103e786c",
                "shasum": ""
            },
            "require": {
                "ext-json": "*",
                "ext-yaml": "*",
                "phore/core": "*",
                "php": ">7.1",
                "psr/http-message": "^1.0@dev"
            },
            "require-dev": {
                "phpunit/phpunit": "^8.0@dev"
            },
            "type": "library",
            "autoload": {
                "psr-4": {
                    "Phore\\FileSystem\\": "src/"
                },
                "files": [
                    "src/functions.php"
                ]
            },
            "notification-url": "https://packagist.org/downloads/",
            "license": [
                "MIT"
            ],
            "authors": [
                {
                    "name": "Matthias Leuffen",
                    "email": "leuffen@continue.de"
                }
            ],
            "description": "Acces files layer",
            "homepage": "http://infracamp.org/project/phore",
            "time": "2020-05-07T13:58:29+00:00"
        },
        {
            "name": "phore/system",
            "version": "dev-master",
            "source": {
                "type": "git",
                "url": "https://github.com/phore/phore-system.git",
                "reference": "ec797e9de93a33def0748f5fe5a61c53d121bb78"
            },
            "dist": {
                "type": "zip",
                "url": "https://api.github.com/repos/phore/phore-system/zipball/ec797e9de93a33def0748f5fe5a61c53d121bb78",
                "reference": "ec797e9de93a33def0748f5fe5a61c53d121bb78",
                "shasum": ""
            },
            "require": {
                "phore/core": "*",
                "php": ">7.1"
            },
            "require-dev": {
                "phpunit/phpunit": "^8.1"
            },
            "type": "library",
            "autoload": {
                "psr-4": {
                    "Phore\\System\\": "src/"
                },
                "files": [
                    "src/functions.php"
                ]
            },
            "notification-url": "https://packagist.org/downloads/",
            "license": [
                "MIT"
            ],
            "authors": [
                {
                    "name": "Matthias Leuffen",
                    "email": "leuffen@continue.de"
                }
            ],
            "description": "Execute shell commands",
            "homepage": "https://infracamp.org/project/phore",
            "time": "2020-04-28T09:52:00+00:00"
        },
        {
            "name": "phore/tester",
            "version": "dev-master",
            "source": {
                "type": "git",
                "url": "https://github.com/phore/phore-tester.git",
                "reference": "6ef41dfac94d0de73a249b85855965317c5dc1a4"
            },
            "dist": {
                "type": "zip",
                "url": "https://api.github.com/repos/phore/phore-tester/zipball/6ef41dfac94d0de73a249b85855965317c5dc1a4",
                "reference": "6ef41dfac94d0de73a249b85855965317c5dc1a4",
                "shasum": ""
            },
            "require": {
                "ext-json": "*",
                "phore/core": "*",
                "phore/filesystem": "*",
                "php": ">=7.2"
            },
            "bin": [
                "bin/ptest"
            ],
            "type": "library",
            "autoload": {
                "psr-4": {
                    "Phore\\Tester\\": "src/"
                },
                "files": [
                    "src/PHPUnit/TestCase.php"
                ]
            },
            "notification-url": "https://packagist.org/downloads/",
            "license": [
                "MIT"
            ],
            "authors": [
                {
                    "name": "Matthias Leuffen",
                    "email": "m@tth.es"
                }
            ],
            "description": "Lightweight unit testing with phpunit api",
            "keywords": [
                "Phore",
                "tester",
                "unit test"
            ],
            "time": "2020-05-07T13:59:32+00:00"
        },
        {
            "name": "psr/http-message",
            "version": "1.0.1",
            "source": {
                "type": "git",
                "url": "https://github.com/php-fig/http-message.git",
                "reference": "f6561bf28d520154e4b0ec72be95418abe6d9363"
            },
            "dist": {
                "type": "zip",
                "url": "https://api.github.com/repos/php-fig/http-message/zipball/f6561bf28d520154e4b0ec72be95418abe6d9363",
                "reference": "f6561bf28d520154e4b0ec72be95418abe6d9363",
                "shasum": ""
            },
            "require": {
                "php": ">=5.3.0"
            },
            "type": "library",
            "extra": {
                "branch-alias": {
                    "dev-master": "1.0.x-dev"
                }
            },
            "autoload": {
                "psr-4": {
                    "Psr\\Http\\Message\\": "src/"
                }
            },
            "notification-url": "https://packagist.org/downloads/",
            "license": [
                "MIT"
            ],
            "authors": [
                {
                    "name": "PHP-FIG",
                    "homepage": "http://www.php-fig.org/"
                }
            ],
            "description": "Common interface for HTTP messages",
            "homepage": "https://github.com/php-fig/http-message",
            "keywords": [
                "http",
                "http-message",
                "psr",
                "psr-7",
                "request",
                "response"
            ],
            "time": "2016-08-06T14:39:51+00:00"
        }
    ],
    "aliases": [],
    "minimum-stability": "stable",
    "stability-flags": {
        "phore/tester": 20,
        "phore/core": 20,
        "phore/system": 20,
        "phore/filesystem": 20
    },
    "prefer-stable": false,
    "prefer-lowest": false,
    "platform": {
        "php": ">=7.1",
        "ext-pcre": "*",
        "ext-json": "*",
        "ext-posix": "*",
        "ext-pcntl": "*",
        "ext-yaml": "*"
    },
    "platform-dev": []
}
